
Microsoft Visual Studio Solution File, Format Version 12.00
# Visual Studio Version 17
VisualStudioVersion = 17.5.33530.505
MinimumVisualStudioVersion = 10.0.40219.1
Project("{FAE04EC0-301F-11D3-BF4B-00C04F79EFBC}") = "Gameproject", "Gameproject.csproj", "{5792AE77-E96A-4D0C-867B-415390BD887C}"
EndProject
Global
	GlobalSection(SolutionConfigurationPlatforms) = preSolution
		Debug|Any CPU = Debug|Any CPU
		Release|Any CPU = Release|Any CPU
	EndGlobalSection
	GlobalSection(ProjectConfigurationPlatforms) = postSolution
		{5792AE77-E96A-4D0C-867B-415390BD887C}.Debug|Any CPU.ActiveCfg = Debug|Any CPU
		{5792AE77-E96A-4D0C-867B-415390BD887C}.Debug|Any CPU.Build.0 = Debug|Any CPU
		{5792AE77-E96A-4D0C-867B-415390BD887C}.Release|Any CPU.ActiveCfg = Release|Any CPU
		{5792AE77-E96A-4D0C-867B-415390BD887C}.Release|Any CPU.Build.0 = Release|Any CPU
	EndGlobalSection
	GlobalSection(SolutionProperties) = preSolution
		HideSolutionNode = FALSE
	EndGlobalSection
	GlobalSection(ExtensibilityGlobals) = postSolution
		SolutionGuid = {A93155AB-B395-464E-B84E-31F3E5224ABA}
	EndGlobalSection
EndGlobal
